# This file is automatically @generated by Cargo.
# It is not intended for manual editing.
version = 4

[[package]]
name = "bitflags"
version = "2.8.0"
source = "registry+https://github.com/rust-lang/crates.io-index"
checksum = "8f68f53c83ab957f72c32642f3868eec03eb974d1fb82e453128456482613d36"

[[package]]
name = "cfg-if"
version = "1.0.0"
source = "registry+https://github.com/rust-lang/crates.io-index"
checksum = "baf1de4339761588bc0619e3cbc0120ee582ebb74b53b4efbf79117bd2da40fd"

[[package]]
name = "dinvk"
version = "0.1.5"
dependencies = [
 "bitflags",
 "cfg-if",
 "obfstr",
]

[[package]]
name = "obfstr"
version = "0.4.4"
source = "registry+https://github.com/rust-lang/crates.io-index"
checksum = "d0d354e9a302760d07e025701d40534f17dd1fe4c4db955b4e3bd2907c63bdee"
